// !$*UTF8*$!
{
	archiveVersion = 1;
	classes = {
	};
	objectVersion = 50;
	objects = {

/* Begin PBXBuildFile section */
		D8477268238EB17900C48BF8 /* Garment.swift in Sources */ = {isa = PBXBuildFile; fileRef = D8477267238EB17900C48BF8 /* Garment.swift */; };
		D8AF80D92385CA22001071FA /* AppDelegate.swift in Sources */ = {isa = PBXBuildFile; fileRef = D8AF80D82385CA22001071FA /* AppDelegate.swift */; };
		D8AF80DB2385CA22001071FA /* SceneDelegate.swift in Sources */ = {isa = PBXBuildFile; fileRef = D8AF80DA2385CA22001071FA /* SceneDelegate.swift */; };
		D8AF80DD2385CA22001071FA /* ContentView.swift in Sources */ = {isa = PBXBuildFile; fileRef = D8AF80DC2385CA22001071FA /* ContentView.swift */; };
		D8AF80DF2385CA2B001071FA /* Assets.xcassets in Resources */ = {isa = PBXBuildFile; fileRef = D8AF80DE2385CA2B001071FA /* Assets.xcassets */; };
		D8AF80E22385CA2B001071FA /* Preview Assets.xcassets in Resources */ = {isa = PBXBuildFile; fileRef = D8AF80E12385CA2B001071FA /* Preview Assets.xcassets */; };
		D8AF80E52385CA2B001071FA /* LaunchScreen.storyboard in Resources */ = {isa = PBXBuildFile; fileRef = D8AF80E32385CA2B001071FA /* LaunchScreen.storyboard */; };
		D8AF80F02385CA2C001071FA /* ChatBasicTests.swift in Sources */ = {isa = PBXBuildFile; fileRef = D8AF80EF2385CA2C001071FA /* ChatBasicTests.swift */; };
		D8AF80FB2385CA2C001071FA /* ChatBasicUITests.swift in Sources */ = {isa = PBXBuildFile; fileRef = D8AF80FA2385CA2C001071FA /* ChatBasicUITests.swift */; };
		D8AF81092385CDED001071FA /* ChatController.swift in Sources */ = {isa = PBXBuildFile; fileRef = D8AF81082385CDED001071FA /* ChatController.swift */; };
/* End PBXBuildFile section */

/* Begin PBXContainerItemProxy section */
		D8AF80EC2385CA2C001071FA /* PBXContainerItemProxy */ = {
			isa = PBXContainerItemProxy;
			containerPortal = D8AF80CD2385CA22001071FA /* Project object */;
			proxyType = 1;
			remoteGlobalIDString = D8AF80D42385CA22001071FA;
			remoteInfo = ChatBasic;
		};
		D8AF80F72385CA2C001071FA /* PBXContainerItemProxy */ = {
			isa = PBXContainerItemProxy;
			containerPortal = D8AF80CD2385CA22001071FA /* Project object */;
			proxyType = 1;
			remoteGlobalIDString = D8AF80D42385CA22001071FA;
			remoteInfo = ChatBasic;
		};
/* End PBXContainerItemProxy section */

/* Begin PBXFileReference section */
		D8477267238EB17900C48BF8 /* Garment.swift */ = {isa = PBXFileReference; lastKnownFileType = sourcecode.swift; path = Garment.swift; sourceTree = "<group>"; };
		D8AF80D52385CA22001071FA /* ChatBasic.app */ = {isa = PBXFileReference; explicitFileType = wrapper.application; includeInIndex = 0; path = ChatBasic.app; sourceTree = BUILT_PRODUCTS_DIR; };
		D8AF80D82385CA22001071FA /* AppDelegate.swift */ = {isa = PBXFileReference; lastKnownFileType = sourcecode.swift; path = AppDelegate.swift; sourceTree = "<group>"; };
		D8AF80DA2385CA22001071FA /* SceneDelegate.swift */ = {isa = PBXFileReference; lastKnownFileType = sourcecode.swift; path = SceneDelegate.swift; sourceTree = "<group>"; };
		D8AF80DC2385CA22001071FA /* ContentView.swift */ = {isa = PBXFileReference; lastKnownFileType = sourcecode.swift; path = ContentView.swift; sourceTree = "<group>"; };
		D8AF80DE2385CA2B001071FA /* Assets.xcassets */ = {isa = PBXFileReference; lastKnownFileType = folder.assetcatalog; path = Assets.xcassets; sourceTree = "<group>"; };
		D8AF80E12385CA2B001071FA /* Preview Assets.xcassets */ = {isa = PBXFileReference; lastKnownFileType = folder.assetcatalog; path = "Preview Assets.xcassets"; sourceTree = "<group>"; };
		D8AF80E42385CA2B001071FA /* Base */ = {isa = PBXFileReference; lastKnownFileType = file.storyboard; name = Base; path = Base.lproj/LaunchScreen.storyboard; sourceTree = "<group>"; };
		D8AF80E62385CA2B001071FA /* Info.plist */ = {isa = PBXFileReference; lastKnownFileType = text.plist.xml; path = Info.plist; sourceTree = "<group>"; };
		D8AF80EB2385CA2C001071FA /* ChatBasicTests.xctest */ = {isa = PBXFileReference; explicitFileType = wrapper.cfbundle; includeInIndex = 0; path = ChatBasicTests.xctest; sourceTree = BUILT_PRODUCTS_DIR; };
		D8AF80EF2385CA2C001071FA /* ChatBasicTests.swift */ = {isa = PBXFileReference; lastKnownFileType = sourcecode.swift; path = ChatBasicTests.swift; sourceTree = "<group>"; };
		D8AF80F12385CA2C001071FA /* Info.plist */ = {isa = PBXFileReference; lastKnownFileType = text.plist.xml; path = Info.plist; sourceTree = "<group>"; };
		D8AF80F62385CA2C001071FA /* ChatBasicUITests.xctest */ = {isa = PBXFileReference; explicitFileType = wrapper.cfbundle; includeInIndex = 0; path = ChatBasicUITests.xctest; sourceTree = BUILT_PRODUCTS_DIR; };
		D8AF80FA2385CA2C001071FA /* ChatBasicUITests.swift */ = {isa = PBXFileReference; lastKnownFileType = sourcecode.swift; path = ChatBasicUITests.swift; sourceTree = "<group>"; };
		D8AF80FC2385CA2C001071FA /* Info.plist */ = {isa = PBXFileReference; lastKnownFileType = text.plist.xml; path = Info.plist; sourceTree = "<group>"; };
		D8AF81082385CDED001071FA /* ChatController.swift */ = {isa = PBXFileReference; lastKnownFileType = sourcecode.swift; path = ChatController.swift; sourceTree = "<group>"; };
/* End PBXFileReference section */

/* Begin PBXFrameworksBuildPhase section */
		D8AF80D22385CA22001071FA /* Frameworks */ = {
			isa = PBXFrameworksBuildPhase;
			buildActionMask = 2147483647;
			files = (
			);
			runOnlyForDeploymentPostprocessing = 0;
		};
		D8AF80E82385CA2C001071FA /* Frameworks */ = {
			isa = PBXFrameworksBuildPhase;
			buildActionMask = 2147483647;
			files = (
			);
			runOnlyForDeploymentPostprocessing = 0;
		};
		D8AF80F32385CA2C001071FA /* Frameworks */ = {
			isa = PBXFrameworksBuildPhase;
			buildActionMask = 2147483647;
			files = (
			);
			runOnlyForDeploymentPostprocessing = 0;
		};
/* End PBXFrameworksBuildPhase section */

/* Begin PBXGroup section */
		D8AF80CC2385CA22001071FA = {
			isa = PBXGroup;
			children = (
				D8AF80D72385CA22001071FA /* ChatBasic */,
				D8AF80EE2385CA2C001071FA /* ChatBasicTests */,
				D8AF80F92385CA2C001071FA /* ChatBasicUITests */,
				D8AF80D62385CA22001071FA /* Products */,
			);
			sourceTree = "<group>";
		};
		D8AF80D62385CA22001071FA /* Products */ = {
			isa = PBXGroup;
			children = (
				D8AF80D52385CA22001071FA /* ChatBasic.app */,
				D8AF80EB2385CA2C001071FA /* ChatBasicTests.xctest */,
				D8AF80F62385CA2C001071FA /* ChatBasicUITests.xctest */,
			);
			name = Products;
			sourceTree = "<group>";
		};
		D8AF80D72385CA22001071FA /* ChatBasic */ = {
			isa = PBXGroup;
			children = (
				D8AF80D82385CA22001071FA /* AppDelegate.swift */,
				D8AF80DA2385CA22001071FA /* SceneDelegate.swift */,
				D8AF80DC2385CA22001071FA /* ContentView.swift */,
				D8AF80DE2385CA2B001071FA /* Assets.xcassets */,
				D8AF80E32385CA2B001071FA /* LaunchScreen.storyboard */,
				D8AF80E62385CA2B001071FA /* Info.plist */,
				D8477267238EB17900C48BF8 /* Garment.swift */,
				D8AF81082385CDED001071FA /* ChatController.swift */,
				D8AF80E02385CA2B001071FA /* Preview Content */,
			);
			path = ChatBasic;
			sourceTree = "<group>";
		};
		D8AF80E02385CA2B001071FA /* Preview Content */ = {
			isa = PBXGroup;
			children = (
				D8AF80E12385CA2B001071FA /* Preview Assets.xcassets */,
			);
			path = "Preview Content";
			sourceTree = "<group>";
		};
		D8AF80EE2385CA2C001071FA /* ChatBasicTests */ = {
			isa = PBXGroup;
			children = (
				D8AF80EF2385CA2C001071FA /* ChatBasicTests.swift */,
				D8AF80F12385CA2C001071FA /* Info.plist */,
			);
			path = ChatBasicTests;
			sourceTree = "<group>";
		};
		D8AF80F92385CA2C001071FA /* ChatBasicUITests */ = {
			isa = PBXGroup;
			children = (
				D8AF80FA2385CA2C001071FA /* ChatBasicUITests.swift */,
				D8AF80FC2385CA2C001071FA /* Info.plist */,
			);
			path = ChatBasicUITests;
			sourceTree = "<group>";
		};
/* End PBXGroup section */

/* Begin PBXNativeTarget section */
		D8AF80D42385CA22001071FA /* ChatBasic */ = {
			isa = PBXNativeTarget;
			buildConfigurationList = D8AF80FF2385CA2C001071FA /* Build configuration list for PBXNativeTarget "ChatBasic" */;
			buildPhases = (
				D8AF80D12385CA22001071FA /* Sources */,
				D8AF80D22385CA22001071FA /* Frameworks */,
				D8AF80D32385CA22001071FA /* Resources */,
			);
			buildRules = (
			);
			dependencies = (
			);
			name = ChatBasic;
			productName = ChatBasic;
			productReference = D8AF80D52385CA22001071FA /* ChatBasic.app */;
			productType = "com.apple.product-type.application";
		};
		D8AF80EA2385CA2C001071FA /* ChatBasicTests */ = {
			isa = PBXNativeTarget;
			buildConfigurationList = D8AF81022385CA2C001071FA /* Build configuration list for PBXNativeTarget "ChatBasicTests" */;
			buildPhases = (
				D8AF80E72385CA2C001071FA /* Sources */,
				D8AF80E82385CA2C001071FA /* Frameworks */,
				D8AF80E92385CA2C001071FA /* Resources */,
			);
			buildRules = (
			);
			dependencies = (
				D8AF80ED2385CA2C001071FA /* PBXTargetDependency */,
			);
			name = ChatBasicTests;
			productName = ChatBasicTests;
			productReference = D8AF80EB2385CA2C001071FA /* ChatBasicTests.xctest */;
			productType = "com.apple.product-type.bundle.unit-test";
		};
		D8AF80F52385CA2C001071FA /* ChatBasicUITests */ = {
			isa = PBXNativeTarget;
			buildConfigurationList = D8AF81052385CA2C001071FA /* Build configuration list for PBXNativeTarget "ChatBasicUITests" */;
			buildPhases = (
				D8AF80F22385CA2C001071FA /* Sources */,
				D8AF80F32385CA2C001071FA /* Frameworks */,
				D8AF80F42385CA2C001071FA /* Resources */,
			);
			buildRules = (
			);
			dependencies = (
				D8AF80F82385CA2C001071FA /* PBXTargetDependency */,
			);
			name = ChatBasicUITests;
			productName = ChatBasicUITests;
			productReference = D8AF80F62385CA2C001071FA /* ChatBasicUITests.xctest */;
			productType = "com.apple.product-type.bundle.ui-testing";
		};
/* End PBXNativeTarget section */

/* Begin PBXProject section */
		D8AF80CD2385CA22001071FA /* Project object */ = {
			isa = PBXProject;
			attributes = {
				LastSwiftUpdateCheck = 1120;
				LastUpgradeCheck = 1120;
				ORGANIZATIONNAME = "Julius Hopf";
				TargetAttributes = {
					D8AF80D42385CA22001071FA = {
						CreatedOnToolsVersion = 11.2.1;
					};
					D8AF80EA2385CA2C001071FA = {
						CreatedOnToolsVersion = 11.2.1;
						TestTargetID = D8AF80D42385CA22001071FA;
					};
					D8AF80F52385CA2C001071FA = {
						CreatedOnToolsVersion = 11.2.1;
						TestTargetID = D8AF80D42385CA22001071FA;
					};
				};
			};
			buildConfigurationList = D8AF80D02385CA22001071FA /* Build configuration list for PBXProject "ChatBasic" */;
			compatibilityVersion = "Xcode 9.3";
			developmentRegion = en;
			hasScannedForEncodings = 0;
			knownRegions = (
				en,
				Base,
			);
			mainGroup = D8AF80CC2385CA22001071FA;
			productRefGroup = D8AF80D62385CA22001071FA /* Products */;
			projectDirPath = "";
			projectRoot = "";
			targets = (
				D8AF80D42385CA22001071FA /* ChatBasic */,
				D8AF80EA2385CA2C001071FA /* ChatBasicTests */,
				D8AF80F52385CA2C001071FA /* ChatBasicUITests */,
			);
		};
/* End PBXProject section */

/* Begin PBXResourcesBuildPhase section */
		D8AF80D32385CA22001071FA /* Resources */ = {
			isa = PBXResourcesBuildPhase;
			buildActionMask = 2147483647;
			files = (
				D8AF80E52385CA2B001071FA /* LaunchScreen.storyboard in Resources */,
				D8AF80E22385CA2B001071FA /* Preview Assets.xcassets in Resources */,
				D8AF80DF2385CA2B001071FA /* Assets.xcassets in Resources */,
			);
			runOnlyForDeploymentPostprocessing = 0;
		};
		D8AF80E92385CA2C001071FA /* Resources */ = {
			isa = PBXResourcesBuildPhase;
			buildActionMask = 2147483647;
			files = (
			);
			runOnlyForDeploymentPostprocessing = 0;
		};
		D8AF80F42385CA2C001071FA /* Resources */ = {
			isa = PBXResourcesBuildPhase;
			buildActionMask = 2147483647;
			files = (
			);
			runOnlyForDeploymentPostprocessing = 0;
		};
/* End PBXResourcesBuildPhase section */

/* Begin PBXSourcesBuildPhase section */
		D8AF80D12385CA22001071FA /* Sources */ = {
			isa = PBXSourcesBuildPhase;
			buildActionMask = 2147483647;
			files = (
				D8AF80D92385CA22001071FA /* AppDelegate.swift in Sources */,
				D8AF80DB2385CA22001071FA /* SceneDelegate.swift in Sources */,
				D8477268238EB17900C48BF8 /* Garment.swift in Sources */,
				D8AF80DD2385CA22001071FA /* ContentView.swift in Sources */,
				D8AF81092385CDED001071FA /* ChatController.swift in Sources */,
			);
			runOnlyForDeploymentPostprocessing = 0;
		};
		D8AF80E72385CA2C001071FA /* Sources */ = {
			isa = PBXSourcesBuildPhase;
			buildActionMask = 2147483647;
			files = (
				D8AF80F02385CA2C001071FA /* ChatBasicTests.swift in Sources */,
			);
			runOnlyForDeploymentPostprocessing = 0;
		};
		D8AF80F22385CA2C001071FA /* Sources */ = {
			isa = PBXSourcesBuildPhase;
			buildActionMask = 2147483647;
			files = (
				D8AF80FB2385CA2C001071FA /* ChatBasicUITests.swift in Sources */,
			);
			runOnlyForDeploymentPostprocessing = 0;
		};
/* End PBXSourcesBuildPhase section */

/* Begin PBXTargetDependency section */
		D8AF80ED2385CA2C001071FA /* PBXTargetDependency */ = {
			isa = PBXTargetDependency;
			target = D8AF80D42385CA22001071FA /* ChatBasic */;
			targetProxy = D8AF80EC2385CA2C001071FA /* PBXContainerItemProxy */;
		};
		D8AF80F82385CA2C001071FA /* PBXTargetDependency */ = {
			isa = PBXTargetDependency;
			target = D8AF80D42385CA22001071FA /* ChatBasic */;
			targetProxy = D8AF80F72385CA2C001071FA /* PBXContainerItemProxy */;
		};
/* End PBXTargetDependency section */

/* Begin PBXVariantGroup section */
		D8AF80E32385CA2B001071FA /* LaunchScreen.storyboard */ = {
			isa = PBXVariantGroup;
			children = (
				D8AF80E42385CA2B001071FA /* Base */,
			);
			name = LaunchScreen.storyboard;
			sourceTree = "<group>";
		};
/* End PBXVariantGroup section */

/* Begin XCBuildConfiguration section */
		D8AF80FD2385CA2C001071FA /* Debug */ = {
			isa = XCBuildConfiguration;
			buildSettings = {
				ALWAYS_SEARCH_USER_PATHS = NO;
				CLANG_ANALYZER_NONNULL = YES;
				CLANG_ANALYZER_NUMBER_OBJECT_CONVERSION = YES_AGGRESSIVE;
				CLANG_CXX_LANGUAGE_STANDARD = "gnu++14";
				CLANG_CXX_LIBRARY = "libc++";
				CLANG_ENABLE_MODULES = YES;
				CLANG_ENABLE_OBJC_ARC = YES;
				CLANG_ENABLE_OBJC_WEAK = YES;
				CLANG_WARN_BLOCK_CAPTURE_AUTORELEASING = YES;
				CLANG_WARN_BOOL_CONVERSION = YES;
				CLANG_WARN_COMMA = YES;
				CLANG_WARN_CONSTANT_CONVERSION = YES;
				CLANG_WARN_DEPRECATED_OBJC_IMPLEMENTATIONS = YES;
				CLANG_WARN_DIRECT_OBJC_ISA_USAGE = YES_ERROR;
				CLANG_WARN_DOCUMENTATION_COMMENTS = YES;
				CLANG_WARN_EMPTY_BODY = YES;
				CLANG_WARN_ENUM_CONVERSION = YES;
				CLANG_WARN_INFINITE_RECURSION = YES;
				CLANG_WARN_INT_CONVERSION = YES;
				CLANG_WARN_NON_LITERAL_NULL_CONVERSION = YES;
				CLANG_WARN_OBJC_IMPLICIT_RETAIN_SELF = YES;
				CLANG_WARN_OBJC_LITERAL_CONVERSION = YES;
				CLANG_WARN_OBJC_ROOT_CLASS = YES_ERROR;
				CLANG_WARN_RANGE_LOOP_ANALYSIS = YES;
				CLANG_WARN_STRICT_PROTOTYPES = YES;
				CLANG_WARN_SUSPICIOUS_MOVE = YES;
				CLANG_WARN_UNGUARDED_AVAILABILITY = YES_AGGRESSIVE;
				CLANG_WARN_UNREACHABLE_CODE = YES;
				CLANG_WARN__DUPLICATE_METHOD_MATCH = YES;
				COPY_PHASE_STRIP = NO;
				DEBUG_INFORMATION_FORMAT = dwarf;
				ENABLE_STRICT_OBJC_MSGSEND = YES;
				ENABLE_TESTABILITY = YES;
				GCC_C_LANGUAGE_STANDARD = gnu11;
				GCC_DYNAMIC_NO_PIC = NO;
				GCC_NO_COMMON_BLOCKS = YES;
				GCC_OPTIMIZATION_LEVEL = 0;
				GCC_PREPROCESSOR_DEFINITIONS = (
					"DEBUG=1",
					"$(inherited)",
				);
				GCC_WARN_64_TO_32_BIT_CONVERSION = YES;
				GCC_WARN_ABOUT_RETURN_TYPE = YES_ERROR;
				GCC_WARN_UNDECLARED_SELECTOR = YES;
				GCC_WARN_UNINITIALIZED_AUTOS = YES_AGGRESSIVE;
				GCC_WARN_UNUSED_FUNCTION = YES;
				GCC_WARN_UNUSED_VARIABLE = YES;
				IPHONEOS_DEPLOYMENT_TARGET = 13.2;
				MTL_ENABLE_DEBUG_INFO = INCLUDE_SOURCE;
				MTL_FAST_MATH = YES;
				ONLY_ACTIVE_ARCH = YES;
				SDKROOT = iphoneos;
				SWIFT_ACTIVE_COMPILATION_CONDITIONS = DEBUG;
				SWIFT_OPTIMIZATION_LEVEL = "-Onone";
			};
			name = Debug;
		};
		D8AF80FE2385CA2C001071FA /* Release */ = {
			isa = XCBuildConfiguration;
			buildSettings = {
				ALWAYS_SEARCH_USER_PATHS = NO;
				CLANG_ANALYZER_NONNULL = YES;
				CLANG_ANALYZER_NUMBER_OBJECT_CONVERSION = YES_AGGRESSIVE;
				CLANG_CXX_LANGUAGE_STANDARD = "gnu++14";
				CLANG_CXX_LIBRARY = "libc++";
				CLANG_ENABLE_MODULES = YES;
				CLANG_ENABLE_OBJC_ARC = YES;
				CLANG_ENABLE_OBJC_WEAK = YES;
				CLANG_WARN_BLOCK_CAPTURE_AUTORELEASING = YES;
				CLANG_WARN_BOOL_CONVERSION = YES;
				CLANG_WARN_COMMA = YES;
				CLANG_WARN_CONSTANT_CONVERSION = YES;
				CLANG_WARN_DEPRECATED_OBJC_IMPLEMENTATIONS = YES;
				CLANG_WARN_DIRECT_OBJC_ISA_USAGE = YES_ERROR;
				CLANG_WARN_DOCUMENTATION_COMMENTS = YES;
				CLANG_WARN_EMPTY_BODY = YES;
				CLANG_WARN_ENUM_CONVERSION = YES;
				CLANG_WARN_INFINITE_RECURSION = YES;
				CLANG_WARN_INT_CONVERSION = YES;
				CLANG_WARN_NON_LITERAL_NULL_CONVERSION = YES;
				CLANG_WARN_OBJC_IMPLICIT_RETAIN_SELF = YES;
				CLANG_WARN_OBJC_LITERAL_CONVERSION = YES;
				CLANG_WARN_OBJC_ROOT_CLASS = YES_ERROR;
				CLANG_WARN_RANGE_LOOP_ANALYSIS = YES;
				CLANG_WARN_STRICT_PROTOTYPES = YES;
				CLANG_WARN_SUSPICIOUS_MOVE = YES;
				CLANG_WARN_UNGUARDED_AVAILABILITY = YES_AGGRESSIVE;
				CLANG_WARN_UNREACHABLE_CODE = YES;
				CLANG_WARN__DUPLICATE_METHOD_MATCH = YES;
				COPY_PHASE_STRIP = NO;
				DEBUG_INFORMATION_FORMAT = "dwarf-with-dsym";
				ENABLE_NS_ASSERTIONS = NO;
				ENABLE_STRICT_OBJC_MSGSEND = YES;
				GCC_C_LANGUAGE_STANDARD = gnu11;
				GCC_NO_COMMON_BLOCKS = YES;
				GCC_WARN_64_TO_32_BIT_CONVERSION = YES;
				GCC_WARN_ABOUT_RETURN_TYPE = YES_ERROR;
				GCC_WARN_UNDECLARED_SELECTOR = YES;
				GCC_WARN_UNINITIALIZED_AUTOS = YES_AGGRESSIVE;
				GCC_WARN_UNUSED_FUNCTION = YES;
				GCC_WARN_UNUSED_VARIABLE = YES;
				IPHONEOS_DEPLOYMENT_TARGET = 13.2;
				MTL_ENABLE_DEBUG_INFO = NO;
				MTL_FAST_MATH = YES;
				SDKROOT = iphoneos;
				SWIFT_COMPILATION_MODE = wholemodule;
				SWIFT_OPTIMIZATION_LEVEL = "-O";
				VALIDATE_PRODUCT = YES;
			};
			name = Release;
		};
		D8AF81002385CA2C001071FA /* Debug */ = {
			isa = XCBuildConfiguration;
			buildSettings = {
				ASSETCATALOG_COMPILER_APPICON_NAME = AppIcon;
				CODE_SIGN_STYLE = Automatic;
				DEVELOPMENT_ASSET_PATHS = "\"ChatBasic/Preview Content\"";
				ENABLE_PREVIEWS = YES;
				INFOPLIST_FILE = ChatBasic/Info.plist;
				LD_RUNPATH_SEARCH_PATHS = (
					"$(inherited)",
					"@executable_path/Frameworks",
				);
				PRODUCT_BUNDLE_IDENTIFIER = com.example.ChatBasic;
				PRODUCT_NAME = "$(TARGET_NAME)";
				SWIFT_VERSION = 5.0;
				TARGETED_DEVICE_FAMILY = "1,2";
			};
			name = Debug;
		};
		D8AF81012385CA2C001071FA /* Release */ = {
			isa = XCBuildConfiguration;
			buildSettings = {
				ASSETCATALOG_COMPILER_APPICON_NAME = AppIcon;
				CODE_SIGN_STYLE = Automatic;
				DEVELOPMENT_ASSET_PATHS = "\"ChatBasic/Preview Content\"";
				ENABLE_PREVIEWS = YES;
				INFOPLIST_FILE = ChatBasic/Info.plist;
				LD_RUNPATH_SEARCH_PATHS = (
					"$(inherited)",
					"@executable_path/Frameworks",
				);
				PRODUCT_BUNDLE_IDENTIFIER = com.example.ChatBasic;
				PRODUCT_NAME = "$(TARGET_NAME)";
				SWIFT_VERSION = 5.0;
				TARGETED_DEVICE_FAMILY = "1,2";
			};
			name = Release;
		};
		D8AF81032385CA2C001071FA /* Debug */ = {
			isa = XCBuildConfiguration;
			buildSettings = {
				ALWAYS_EMBED_SWIFT_STANDARD_LIBRARIES = YES;
				BUNDLE_LOADER = "$(TEST_HOST)";
				CODE_SIGN_STYLE = Automatic;
				INFOPLIST_FILE = ChatBasicTests/Info.plist;
				IPHONEOS_DEPLOYMENT_TARGET = 13.2;
				LD_RUNPATH_SEARCH_PATHS = (
					"$(inherited)",
					"@executable_path/Frameworks",
					"@loader_path/Frameworks",
				);
				PRODUCT_BUNDLE_IDENTIFIER = com.example.ChatBasicTests;
				PRODUCT_NAME = "$(TARGET_NAME)";
				SWIFT_VERSION = 5.0;
				TARGETED_DEVICE_FAMILY = "1,2";
				TEST_HOST = "$(BUILT_PRODUCTS_DIR)/ChatBasic.app/ChatBasic";
			};
			name = Debug;
		};
		D8AF81042385CA2C001071FA /* Release */ = {
			isa = XCBuildConfiguration;
			buildSettings = {
				ALWAYS_EMBED_SWIFT_STANDARD_LIBRARIES = YES;
				BUNDLE_LOADER = "$(TEST_HOST)";
				CODE_SIGN_STYLE = Automatic;
				INFOPLIST_FILE = ChatBasicTests/Info.plist;
				IPHONEOS_DEPLOYMENT_TARGET = 13.2;
				LD_RUNPATH_SEARCH_PATHS = (
					"$(inherited)",
					"@executable_path/Frameworks",
					"@loader_path/Frameworks",
				);
				PRODUCT_BUNDLE_IDENTIFIER = com.example.ChatBasicTests;
				PRODUCT_NAME = "$(TARGET_NAME)";
				SWIFT_VERSION = 5.0;
				TARGETED_DEVICE_FAMILY = "1,2";
				TEST_HOST = "$(BUILT_PRODUCTS_DIR)/ChatBasic.app/ChatBasic";
			};
			name = Release;
		};
		D8AF81062385CA2C001071FA /* Debug */ = {
			isa = XCBuildConfiguration;
			buildSettings = {
				ALWAYS_EMBED_SWIFT_STANDARD_LIBRARIES = YES;
				CODE_SIGN_STYLE = Automatic;
				INFOPLIST_FILE = ChatBasicUITests/Info.plist;
				LD_RUNPATH_SEARCH_PATHS = (
					"$(inherited)",
					"@executable_path/Frameworks",
					"@loader_path/Frameworks",
				);
				PRODUCT_BUNDLE_IDENTIFIER = com.example.ChatBasicUITests;
				PRODUCT_NAME = "$(TARGET_NAME)";
				SWIFT_VERSION = 5.0;
				TARGETED_DEVICE_FAMILY = "1,2";
				TEST_TARGET_NAME = ChatBasic;
			};
			name = Debug;
		};
		D8AF81072385CA2C001071FA /* Release */ = {
			isa = XCBuildConfiguration;
			buildSettings = {
				ALWAYS_EMBED_SWIFT_STANDARD_LIBRARIES = YES;
				CODE_SIGN_STYLE = Automatic;
				INFOPLIST_FILE = ChatBasicUITests/Info.plist;
				LD_RUNPATH_SEARCH_PATHS = (
					"$(inherited)",
					"@executable_path/Frameworks",
					"@loader_path/Frameworks",
				);
				PRODUCT_BUNDLE_IDENTIFIER = com.example.ChatBasicUITests;
				PRODUCT_NAME = "$(TARGET_NAME)";
				SWIFT_VERSION = 5.0;
				TARGETED_DEVICE_FAMILY = "1,2";
				TEST_TARGET_NAME = ChatBasic;
			};
			name = Release;
		};
/* End XCBuildConfiguration section */

/* Begin XCConfigurationList section */
		D8AF80D02385CA22001071FA /* Build configuration list for PBXProject "ChatBasic" */ = {
			isa = XCConfigurationList;
			buildConfigurations = (
				D8AF80FD2385CA2C001071FA /* Debug */,
				D8AF80FE2385CA2C001071FA /* Release */,
			);
			defaultConfigurationIsVisible = 0;
			defaultConfigurationName = Release;
		};
		D8AF80FF2385CA2C001071FA /* Build configuration list for PBXNativeTarget "ChatBasic" */ = {
			isa = XCConfigurationList;
			buildConfigurations = (
				D8AF81002385CA2C001071FA /* Debug */,
				D8AF81012385CA2C001071FA /* Release */,
			);
			defaultConfigurationIsVisible = 0;
			defaultConfigurationName = Release;
		};
		D8AF81022385CA2C001071FA /* Build configuration list for PBXNativeTarget "ChatBasicTests" */ = {
			isa = XCConfigurationList;
			buildConfigurations = (
				D8AF81032385CA2C001071FA /* Debug */,
				D8AF81042385CA2C001071FA /* Release */,
			);
			defaultConfigurationIsVisible = 0;
			defaultConfigurationName = Release;
		};
		D8AF81052385CA2C001071FA /* Build configuration list for PBXNativeTarget "ChatBasicUITests" */ = {
			isa = XCConfigurationList;
			buildConfigurations = (
				D8AF81062385CA2C001071FA /* Debug */,
				D8AF81072385CA2C001071FA /* Release */,
			);
			defaultConfigurationIsVisible = 0;
			defaultConfigurationName = Release;
		};
/* End XCConfigurationList section */
	};
	rootObject = D8AF80CD2385CA22001071FA /* Project object */;
}
